
Microsoft Visual Studio Solution File, Format Version 12.00
# Visual Studio Version 16
VisualStudioVersion = 16.0.29806.167
MinimumVisualStudioVersion = 10.0.40219.1
Project("{FAE04EC0-301F-11D3-BF4B-00C04F79EFBC}") = "Phonebook Application", "Phonebook Application\Phonebook Application.csproj", "{6238D1F3-0458-46A7-98B4-C52439DEFABF}"
EndProject
Global
	GlobalSection(SolutionConfigurationPlatforms) = preSolution
		Debug|Any CPU = Debug|Any CPU
		Release|Any CPU = Release|Any CPU
	EndGlobalSection
	GlobalSection(ProjectConfigurationPlatforms) = postSolution
		{6238D1F3-0458-46A7-98B4-C52439DEFABF}.Debug|Any CPU.ActiveCfg = Debug|Any CPU
		{6238D1F3-0458-46A7-98B4-C52439DEFABF}.Debug|Any CPU.Build.0 = Debug|Any CPU
		{6238D1F3-0458-46A7-98B4-C52439DEFABF}.Release|Any CPU.ActiveCfg = Release|Any CPU
		{6238D1F3-0458-46A7-98B4-C52439DEFABF}.Release|Any CPU.Build.0 = Release|Any CPU
	EndGlobalSection
	GlobalSection(SolutionProperties) = preSolution
		HideSolutionNode = FALSE
	EndGlobalSection
	GlobalSection(ExtensibilityGlobals) = postSolution
		SolutionGuid = {AD05BC72-BF58-4A9E-B2ED-CEF910E7A926}
	EndGlobalSection
EndGlobal
